{
  "nodes": {
    "browser-previews": {
      "inputs": {
        "flake-utils": "flake-utils",
        "nixpkgs": [
          "nixpkgs"
        ],
        "systems": "systems"
      },
      "locked": {
        "lastModified": 1775159950,
        "narHash": "sha256-andzX1QbfL0WbOPFU14abIXlbWu2mc+nl7NJ9cCtUjU=",
        "owner": "nix-community",
        "repo": "browser-previews",
        "rev": "e63a63f95197f11ca7938dc1fa086851466a3b85",
        "type": "github"
      },
      "original": {
        "owner": "nix-community",
        "repo": "browser-previews",
        "type": "github"
      }
    },
    "catppuccin": {
      "inputs": {
        "nixpkgs": "nixpkgs"
      },
      "locked": {
        "lastModified": 1768256610,
        "narHash": "sha256-IyL6nZo242nDLoLQVwkqAZXp8FO5kBfjL6Fuh+gZO10=",
        "owner": "catppuccin",
        "repo": "nix",
        "rev": "0734ad8c91342df34f1a1e5c183d053d70ba87c7",
        "type": "github"
      },
      "original": {
        "owner": "catppuccin",
        "ref": "release-25.11",
        "repo": "nix",
        "type": "github"
      }
    },
    "crane": {
      "locked": {
        "lastModified": 1773189535,
        "narHash": "sha256-E1G/Or6MWeP+L6mpQ0iTFLpzSzlpGrITfU2220Gq47g=",
        "owner": "ipetkov",
        "repo": "crane",
        "rev": "6fa2fb4cf4a89ba49fc9dd5a3eb6cde99d388269",
        "type": "github"
      },
      "original": {
        "owner": "ipetkov",
        "repo": "crane",
        "type": "github"
      }
    },
    "flake-compat": {
      "flake": false,
      "locked": {
        "lastModified": 1767039857,
        "narHash": "sha256-vNpUSpF5Nuw8xvDLj2KCwwksIbjua2LZCqhV1LNRDns=",
        "owner": "NixOS",
        "repo": "flake-compat",
        "rev": "5edf11c44bc78a0d334f6334cdaf7d60d732daab",
        "type": "github"
      },
      "original": {
        "owner": "NixOS",
        "repo": "flake-compat",
        "type": "github"
      }
    },
    "flake-parts": {
      "inputs": {
        "nixpkgs-lib": [
          "lazyvim-flake",
          "nixpkgs"
        ]
      },
      "locked": {
        "lastModified": 1775087534,
        "narHash": "sha256-91qqW8lhL7TLwgQWijoGBbiD4t7/q75KTi8NxjVmSmA=",
        "owner": "hercules-ci",
        "repo": "flake-parts",
        "rev": "3107b77cd68437b9a76194f0f7f9c55f2329ca5b",
        "type": "github"
      },
      "original": {
        "owner": "hercules-ci",
        "repo": "flake-parts",
        "type": "github"
      }
    },
    "flake-parts_2": {
      "inputs": {
        "nixpkgs-lib": [
          "lazyvim-flake",
          "nixvim",
          "nixpkgs"
        ]
      },
      "locked": {
        "lastModified": 1769996383,
        "narHash": "sha256-AnYjnFWgS49RlqX7LrC4uA+sCCDBj0Ry/WOJ5XWAsa0=",
        "owner": "hercules-ci",
        "repo": "flake-parts",
        "rev": "57928607ea566b5db3ad13af0e57e921e6b12381",
        "type": "github"
      },
      "original": {
        "owner": "hercules-ci",
        "repo": "flake-parts",
        "type": "github"
      }
    },
    "flake-parts_3": {
      "inputs": {
        "nixpkgs-lib": [
          "nur",
          "nixpkgs"
        ]
      },
      "locked": {
        "lastModified": 1733312601,
        "narHash": "sha256-4pDvzqnegAfRkPwO3wmwBhVi/Sye1mzps0zHWYnP88c=",
        "owner": "hercules-ci",
        "repo": "flake-parts",
        "rev": "205b12d8b7cd4802fbcb8e8ef6a0f1408781a4f9",
        "type": "github"
      },
      "original": {
        "owner": "hercules-ci",
        "repo": "flake-parts",
        "type": "github"
      }
    },
    "flake-utils": {
      "inputs": {
        "systems": [
          "browser-previews",
          "systems"
        ]
      },
      "locked": {
        "lastModified": 1731533236,
        "narHash": "sha256-l0KFg5HjrsfsO/JpG+r7fRrqm12kzFHyUHqHCVpMMbI=",
        "owner": "numtide",
        "repo": "flake-utils",
        "rev": "11707dc2f618dd54ca8739b309ec4fc024de578b",
        "type": "github"
      },
      "original": {
        "owner": "numtide",
        "repo": "flake-utils",
        "type": "github"
      }
    },
    "flake-utils_2": {
      "inputs": {
        "systems": "systems_4"
      },
      "locked": {
        "lastModified": 1731533236,
        "narHash": "sha256-l0KFg5HjrsfsO/JpG+r7fRrqm12kzFHyUHqHCVpMMbI=",
        "owner": "numtide",
        "repo": "flake-utils",
        "rev": "11707dc2f618dd54ca8739b309ec4fc024de578b",
        "type": "github"
      },
      "original": {
        "owner": "numtide",
        "repo": "flake-utils",
        "type": "github"
      }
    },
    "flake-utils_3": {
      "inputs": {
        "systems": "systems_5"
      },
      "locked": {
        "lastModified": 1731533236,
        "narHash": "sha256-l0KFg5HjrsfsO/JpG+r7fRrqm12kzFHyUHqHCVpMMbI=",
        "owner": "numtide",
        "repo": "flake-utils",
        "rev": "11707dc2f618dd54ca8739b309ec4fc024de578b",
        "type": "github"
      },
      "original": {
        "owner": "numtide",
        "repo": "flake-utils",
        "type": "github"
      }
    },
    "gitignore": {
      "inputs": {
        "nixpkgs": [
          "lanzaboote",
          "pre-commit",
          "nixpkgs"
        ]
      },
      "locked": {
        "lastModified": 1709087332,
        "narHash": "sha256-HG2cCnktfHsKV0s4XW83gU3F57gaTljL9KNSuG6bnQs=",
        "owner": "hercules-ci",
        "repo": "gitignore.nix",
        "rev": "637db329424fd7e46cf4185293b9cc8c88c95394",
        "type": "github"
      },
      "original": {
        "owner": "hercules-ci",
        "repo": "gitignore.nix",
        "type": "github"
      }
    },
    "home-manager": {
      "inputs": {
        "nixpkgs": [
          "nixpkgs"
        ]
      },
      "locked": {
        "lastModified": 1775360939,
        "narHash": "sha256-XUBlSgUFdvTh6+K5LcI5mJu5F5L8scmJDMRiZM484TM=",
        "owner": "nix-community",
        "repo": "home-manager",
        "rev": "2097a5c82bdc099c6135eae4b111b78124604554",
        "type": "github"
      },
      "original": {
        "owner": "nix-community",
        "repo": "home-manager",
        "type": "github"
      }
    },
    "lanzaboote": {
      "inputs": {
        "crane": "crane",
        "nixpkgs": [
          "nixpkgs"
        ],
        "pre-commit": "pre-commit",
        "rust-overlay": "rust-overlay"
      },
      "locked": {
        "lastModified": 1774858933,
        "narHash": "sha256-rgHUoE4QhOvK3Rcl9cbuIVdjPjFjfhcTm/uPs8Y7+2w=",
        "owner": "nix-community",
        "repo": "lanzaboote",
        "rev": "45338aab3013924c75305f5cb3543b9cda993183",
        "type": "github"
      },
      "original": {
        "owner": "nix-community",
        "repo": "lanzaboote",
        "type": "github"
      }
    },
    "lazyvim-flake": {
      "inputs": {
        "flake-parts": "flake-parts",
        "nixpkgs": [
          "nixpkgs"
        ],
        "nixvim": "nixvim"
      },
      "locked": {
        "lastModified": 1775459293,
        "narHash": "sha256-B0EwKFZ/HD+eFxWw9dUBDVywDNLiGhA6GZa26QrWPnw=",
        "owner": "gujial",
        "repo": "lazyvim-nix",
        "rev": "a34ddb206ebdad23d55551e91af450f054b05682",
        "type": "github"
      },
      "original": {
        "owner": "gujial",
        "repo": "lazyvim-nix",
        "type": "github"
      }
    },
    "librw": {
      "flake": false,
      "locked": {
        "lastModified": 1757412609,
        "narHash": "sha256-L27sTdE14wSrZQSPxqhJg5kwxdOvMW2WQ5OISco2qwI=",
        "owner": "aap",
        "repo": "librw",
        "rev": "1499b9660cda257269992be04aa0595c6e82e0dc",
        "type": "github"
      },
      "original": {
        "owner": "aap",
        "repo": "librw",
        "type": "github"
      }
    },
    "librw_2": {
      "flake": false,
      "locked": {
        "lastModified": 1757412609,
        "narHash": "sha256-L27sTdE14wSrZQSPxqhJg5kwxdOvMW2WQ5OISco2qwI=",
        "owner": "aap",
        "repo": "librw",
        "rev": "1499b9660cda257269992be04aa0595c6e82e0dc",
        "type": "github"
      },
      "original": {
        "owner": "aap",
        "repo": "librw",
        "type": "github"
      }
    },
    "librw_3": {
      "flake": false,
      "locked": {
        "lastModified": 1757412609,
        "narHash": "sha256-L27sTdE14wSrZQSPxqhJg5kwxdOvMW2WQ5OISco2qwI=",
        "owner": "aap",
        "repo": "librw",
        "rev": "1499b9660cda257269992be04aa0595c6e82e0dc",
        "type": "github"
      },
      "original": {
        "owner": "aap",
        "repo": "librw",
        "type": "github"
      }
    },
    "librw_4": {
      "flake": false,
      "locked": {
        "lastModified": 1757412609,
        "narHash": "sha256-L27sTdE14wSrZQSPxqhJg5kwxdOvMW2WQ5OISco2qwI=",
        "owner": "aap",
        "repo": "librw",
        "rev": "1499b9660cda257269992be04aa0595c6e82e0dc",
        "type": "github"
      },
      "original": {
        "owner": "aap",
        "repo": "librw",
        "type": "github"
      }
    },
    "nixpkgs": {
      "locked": {
        "lastModified": 1764521362,
        "narHash": "sha256-M101xMtWdF1eSD0xhiR8nG8CXRlHmv6V+VoY65Smwf4=",
        "owner": "NixOS",
        "repo": "nixpkgs",
        "rev": "871b9fd269ff6246794583ce4ee1031e1da71895",
        "type": "github"
      },
      "original": {
        "owner": "NixOS",
        "ref": "25.11",
        "repo": "nixpkgs",
        "type": "github"
      }
    },
    "nixpkgs_2": {
      "locked": {
        "lastModified": 1775036866,
        "narHash": "sha256-ZojAnPuCdy657PbTq5V0Y+AHKhZAIwSIT2cb8UgAz/U=",
        "owner": "nixos",
        "repo": "nixpkgs",
        "rev": "6201e203d09599479a3b3450ed24fa81537ebc4e",
        "type": "github"
      },
      "original": {
        "owner": "nixos",
        "ref": "nixos-unstable",
        "repo": "nixpkgs",
        "type": "github"
      }
    },
    "nixpkgs_3": {
      "locked": {
        "lastModified": 1769598131,
        "narHash": "sha256-e7VO/kGLgRMbWtpBqdWl0uFg8Y2XWFMdz0uUJvlML8o=",
        "owner": "NixOS",
        "repo": "nixpkgs",
        "rev": "fa83fd837f3098e3e678e6cf017b2b36102c7211",
        "type": "github"
      },
      "original": {
        "owner": "NixOS",
        "ref": "nixos-25.11",
        "repo": "nixpkgs",
        "type": "github"
      }
    },
    "nixpkgs_4": {
      "locked": {
        "lastModified": 1769598131,
        "narHash": "sha256-e7VO/kGLgRMbWtpBqdWl0uFg8Y2XWFMdz0uUJvlML8o=",
        "owner": "NixOS",
        "repo": "nixpkgs",
        "rev": "fa83fd837f3098e3e678e6cf017b2b36102c7211",
        "type": "github"
      },
      "original": {
        "owner": "NixOS",
        "ref": "nixos-25.11",
        "repo": "nixpkgs",
        "type": "github"
      }
    },
    "nixpkgs_5": {
      "locked": {
        "lastModified": 1769598131,
        "narHash": "sha256-e7VO/kGLgRMbWtpBqdWl0uFg8Y2XWFMdz0uUJvlML8o=",
        "owner": "NixOS",
        "repo": "nixpkgs",
        "rev": "fa83fd837f3098e3e678e6cf017b2b36102c7211",
        "type": "github"
      },
      "original": {
        "owner": "NixOS",
        "ref": "nixos-25.11",
        "repo": "nixpkgs",
        "type": "github"
      }
    },
    "nixpkgs_6": {
      "locked": {
        "lastModified": 1769598131,
        "narHash": "sha256-e7VO/kGLgRMbWtpBqdWl0uFg8Y2XWFMdz0uUJvlML8o=",
        "owner": "NixOS",
        "repo": "nixpkgs",
        "rev": "fa83fd837f3098e3e678e6cf017b2b36102c7211",
        "type": "github"
      },
      "original": {
        "owner": "NixOS",
        "ref": "nixos-25.11",
        "repo": "nixpkgs",
        "type": "github"
      }
    },
    "nixvim": {
      "inputs": {
        "flake-parts": "flake-parts_2",
        "nixpkgs": [
          "lazyvim-flake",
          "nixpkgs"
        ],
        "systems": "systems_2"
      },
      "locked": {
        "lastModified": 1775307257,
        "narHash": "sha256-y9hEecHH4ennFwIcw1n480YCGh73DkEmizmQnyXuvgg=",
        "owner": "nix-community",
        "repo": "nixvim",
        "rev": "2e008bb941f72379d5b935d5bfe70ed8b7c793ff",
        "type": "github"
      },
      "original": {
        "owner": "nix-community",
        "repo": "nixvim",
        "type": "github"
      }
    },
    "noctalia": {
      "inputs": {
        "nixpkgs": [
          "nixpkgs"
        ],
        "noctalia-qs": "noctalia-qs"
      },
      "locked": {
        "lastModified": 1775569376,
        "narHash": "sha256-Gge4uDqbcl5kl3fNaRRc6PuOv7YMOqWbX6tRcYwayok=",
        "owner": "noctalia-dev",
        "repo": "noctalia-shell",
        "rev": "91d0bb83aefa2d238df31e2a96098a2ef75aa238",
        "type": "github"
      },
      "original": {
        "owner": "noctalia-dev",
        "repo": "noctalia-shell",
        "type": "github"
      }
    },
    "noctalia-qs": {
      "inputs": {
        "nixpkgs": [
          "noctalia",
          "nixpkgs"
        ],
        "systems": "systems_3",
        "treefmt-nix": "treefmt-nix"
      },
      "locked": {
        "lastModified": 1775491791,
        "narHash": "sha256-elzmRpudiwtYQNCKk9TAEhlYQV0+yUM81poo01Z7FfQ=",
        "owner": "noctalia-dev",
        "repo": "noctalia-qs",
        "rev": "9e2736531ef7a1a336abf7ec72255d0b192273b6",
        "type": "github"
      },
      "original": {
        "owner": "noctalia-dev",
        "repo": "noctalia-qs",
        "type": "github"
      }
    },
    "nur": {
      "inputs": {
        "flake-parts": "flake-parts_3",
        "nixpkgs": [
          "nixpkgs"
        ]
      },
      "locked": {
        "lastModified": 1775371383,
        "narHash": "sha256-BbQf0gpSPJfFd+Npl/UbtQjCm9Lwiu4veIJ1kqteAlQ=",
        "owner": "nix-community",
        "repo": "NUR",
        "rev": "8bd0d17a03238e7b07e143710c12666544104092",
        "type": "github"
      },
      "original": {
        "owner": "nix-community",
        "repo": "NUR",
        "type": "github"
      }
    },
    "ogg": {
      "flake": false,
      "locked": {
        "lastModified": 1751896827,
        "narHash": "sha256-IoDEoh58OqiixLu8n3N/G9Fzqm4WYoTuGZLTLGw7XfM=",
        "owner": "xiph",
        "repo": "ogg",
        "rev": "0288fadac3ac62d453409dfc83e9c4ab617d2472",
        "type": "github"
      },
      "original": {
        "owner": "xiph",
        "repo": "ogg",
        "type": "github"
      }
    },
    "ogg_2": {
      "flake": false,
      "locked": {
        "lastModified": 1751896827,
        "narHash": "sha256-IoDEoh58OqiixLu8n3N/G9Fzqm4WYoTuGZLTLGw7XfM=",
        "owner": "xiph",
        "repo": "ogg",
        "rev": "0288fadac3ac62d453409dfc83e9c4ab617d2472",
        "type": "github"
      },
      "original": {
        "owner": "xiph",
        "repo": "ogg",
        "type": "github"
      }
    },
    "ogg_3": {
      "flake": false,
      "locked": {
        "lastModified": 1751896827,
        "narHash": "sha256-IoDEoh58OqiixLu8n3N/G9Fzqm4WYoTuGZLTLGw7XfM=",
        "owner": "xiph",
        "repo": "ogg",
        "rev": "0288fadac3ac62d453409dfc83e9c4ab617d2472",
        "type": "github"
      },
      "original": {
        "owner": "xiph",
        "repo": "ogg",
        "type": "github"
      }
    },
    "ogg_4": {
      "flake": false,
      "locked": {
        "lastModified": 1751896827,
        "narHash": "sha256-IoDEoh58OqiixLu8n3N/G9Fzqm4WYoTuGZLTLGw7XfM=",
        "owner": "xiph",
        "repo": "ogg",
        "rev": "0288fadac3ac62d453409dfc83e9c4ab617d2472",
        "type": "github"
      },
      "original": {
        "owner": "xiph",
        "repo": "ogg",
        "type": "github"
      }
    },
    "opus": {
      "flake": false,
      "locked": {
        "lastModified": 1769009966,
        "narHash": "sha256-SyGUedfpqWb5+URiX0Tw/g3VPWxJBNPDSHmv/j9xHls=",
        "owner": "xiph",
        "repo": "opus",
        "rev": "a3f0ec02b34281c38aefdaf4bbbd5787ad641d62",
        "type": "github"
      },
      "original": {
        "owner": "xiph",
        "repo": "opus",
        "type": "github"
      }
    },
    "opus_2": {
      "flake": false,
      "locked": {
        "lastModified": 1769009966,
        "narHash": "sha256-SyGUedfpqWb5+URiX0Tw/g3VPWxJBNPDSHmv/j9xHls=",
        "owner": "xiph",
        "repo": "opus",
        "rev": "a3f0ec02b34281c38aefdaf4bbbd5787ad641d62",
        "type": "github"
      },
      "original": {
        "owner": "xiph",
        "repo": "opus",
        "type": "github"
      }
    },
    "opus_3": {
      "flake": false,
      "locked": {
        "lastModified": 1769009966,
        "narHash": "sha256-SyGUedfpqWb5+URiX0Tw/g3VPWxJBNPDSHmv/j9xHls=",
        "owner": "xiph",
        "repo": "opus",
        "rev": "a3f0ec02b34281c38aefdaf4bbbd5787ad641d62",
        "type": "github"
      },
      "original": {
        "owner": "xiph",
        "repo": "opus",
        "type": "github"
      }
    },
    "opus_4": {
      "flake": false,
      "locked": {
        "lastModified": 1769009966,
        "narHash": "sha256-SyGUedfpqWb5+URiX0Tw/g3VPWxJBNPDSHmv/j9xHls=",
        "owner": "xiph",
        "repo": "opus",
        "rev": "a3f0ec02b34281c38aefdaf4bbbd5787ad641d62",
        "type": "github"
      },
      "original": {
        "owner": "xiph",
        "repo": "opus",
        "type": "github"
      }
    },
    "opusfile": {
      "flake": false,
      "locked": {
        "lastModified": 1765882903,
        "narHash": "sha256-tANL22eOF5LqNVBQGW0Uh5IB9o3rFn6A7oXL4t16tcQ=",
        "owner": "xiph",
        "repo": "opusfile",
        "rev": "cc04a82f7964067da6e3f5dddc7634b833c9402c",
        "type": "github"
      },
      "original": {
        "owner": "xiph",
        "repo": "opusfile",
        "type": "github"
      }
    },
    "opusfile_2": {
      "flake": false,
      "locked": {
        "lastModified": 1765882903,
        "narHash": "sha256-tANL22eOF5LqNVBQGW0Uh5IB9o3rFn6A7oXL4t16tcQ=",
        "owner": "xiph",
        "repo": "opusfile",
        "rev": "cc04a82f7964067da6e3f5dddc7634b833c9402c",
        "type": "github"
      },
      "original": {
        "owner": "xiph",
        "repo": "opusfile",
        "type": "github"
      }
    },
    "opusfile_3": {
      "flake": false,
      "locked": {
        "lastModified": 1765882903,
        "narHash": "sha256-tANL22eOF5LqNVBQGW0Uh5IB9o3rFn6A7oXL4t16tcQ=",
        "owner": "xiph",
        "repo": "opusfile",
        "rev": "cc04a82f7964067da6e3f5dddc7634b833c9402c",
        "type": "github"
      },
      "original": {
        "owner": "xiph",
        "repo": "opusfile",
        "type": "github"
      }
    },
    "opusfile_4": {
      "flake": false,
      "locked": {
        "lastModified": 1765882903,
        "narHash": "sha256-tANL22eOF5LqNVBQGW0Uh5IB9o3rFn6A7oXL4t16tcQ=",
        "owner": "xiph",
        "repo": "opusfile",
        "rev": "cc04a82f7964067da6e3f5dddc7634b833c9402c",
        "type": "github"
      },
      "original": {
        "owner": "xiph",
        "repo": "opusfile",
        "type": "github"
      }
    },
    "pfte-flake": {
      "inputs": {
        "flake-utils": "flake-utils_2",
        "nixpkgs": [
          "nixpkgs"
        ]
      },
      "locked": {
        "lastModified": 1774711626,
        "narHash": "sha256-YLojrBUhKuSNgA61DGB/DBwDsFLgbrGBTVe0WvRD66g=",
        "owner": "gujial",
        "repo": "pfte-flake",
        "rev": "6a9bd81204b2d423d47922205b755405bc75c2e0",
        "type": "github"
      },
      "original": {
        "owner": "gujial",
        "repo": "pfte-flake",
        "type": "github"
      }
    },
    "plasma-manager": {
      "inputs": {
        "home-manager": [
          "home-manager"
        ],
        "nixpkgs": [
          "nixpkgs"
        ]
      },
      "locked": {
        "lastModified": 1774915545,
        "narHash": "sha256-COT4l/+ZddGBvrDVfPf7MEOJxV8EDKame6/aRnNIKcY=",
        "owner": "nix-community",
        "repo": "plasma-manager",
        "rev": "f3177b3c69fb3f03201098d7fe8ab6422cce7fc1",
        "type": "github"
      },
      "original": {
        "owner": "nix-community",
        "repo": "plasma-manager",
        "type": "github"
      }
    },
    "pre-commit": {
      "inputs": {
        "flake-compat": "flake-compat",
        "gitignore": "gitignore",
        "nixpkgs": [
          "lanzaboote",
          "nixpkgs"
        ]
      },
      "locked": {
        "lastModified": 1772893680,
        "narHash": "sha256-JDqZMgxUTCq85ObSaFw0HhE+lvdOre1lx9iI6vYyOEs=",
        "owner": "cachix",
        "repo": "pre-commit-hooks.nix",
        "rev": "8baab586afc9c9b57645a734c820e4ac0a604af9",
        "type": "github"
      },
      "original": {
        "owner": "cachix",
        "repo": "pre-commit-hooks.nix",
        "type": "github"
      }
    },
    "re3-flake": {
      "inputs": {
        "nixpkgs": [
          "nixpkgs"
        ],
        "re3-lcs-repo": "re3-lcs-repo",
        "re3-master-repo": "re3-master-repo",
        "re3-miami-improved-repo": "re3-miami-improved-repo",
        "re3-miami-repo": "re3-miami-repo"
      },
      "locked": {
        "lastModified": 1771409704,
        "narHash": "sha256-n2eBVIFuI8Dg6yDWXw0qF6JHF6+Qi5rQC9lQXd26i9M=",
        "owner": "gujial",
        "repo": "re3-flake",
        "rev": "71e86b31cc43a7f7ad86a32d74f57ff7fce6d830",
        "type": "github"
      },
      "original": {
        "owner": "gujial",
        "repo": "re3-flake",
        "type": "github"
      }
    },
    "re3-lcs-repo": {
      "inputs": {
        "librw": "librw",
        "nixpkgs": "nixpkgs_3",
        "ogg": "ogg",
        "opus": "opus",
        "opusfile": "opusfile"
      },
      "locked": {
        "lastModified": 1769837755,
        "narHash": "sha256-57YkTtg76KpFzkeVJUSS6+t0RHclZAJJf/4wI5YyGAo=",
        "owner": "gujial",
        "repo": "re3",
        "rev": "7b7f028b1859c90de8ea8dce33f166b5b58772d2",
        "type": "github"
      },
      "original": {
        "owner": "gujial",
        "ref": "lcs",
        "repo": "re3",
        "type": "github"
      }
    },
    "re3-master-repo": {
      "inputs": {
        "librw": "librw_2",
        "nixpkgs": "nixpkgs_4",
        "ogg": "ogg_2",
        "opus": "opus_2",
        "opusfile": "opusfile_2"
      },
      "locked": {
        "lastModified": 1769837729,
        "narHash": "sha256-GuPJrGgB5VEMIBZdQBflk/aJ50tewNPXGybs4n7mJ8k=",
        "owner": "gujial",
        "repo": "re3",
        "rev": "fc663b95411949fbacb7aa1058587e9e1ea99cc2",
        "type": "github"
      },
      "original": {
        "owner": "gujial",
        "ref": "master",
        "repo": "re3",
        "type": "github"
      }
    },
    "re3-miami-improved-repo": {
      "inputs": {
        "librw": "librw_3",
        "nixpkgs": "nixpkgs_5",
        "ogg": "ogg_3",
        "opus": "opus_3",
        "opusfile": "opusfile_3"
      },
      "locked": {
        "lastModified": 1771323077,
        "narHash": "sha256-rFtxEMbYCnpslc1ZtMrEArkH4/bE1qQhfyqTMftlXdk=",
        "owner": "gujial",
        "repo": "re3",
        "rev": "5685d4f6b6be51a7a2e28837126f897b284d9c02",
        "type": "github"
      },
      "original": {
        "owner": "gujial",
        "ref": "miami-improve",
        "repo": "re3",
        "type": "github"
      }
    },
    "re3-miami-repo": {
      "inputs": {
        "librw": "librw_4",
        "nixpkgs": "nixpkgs_6",
        "ogg": "ogg_4",
        "opus": "opus_4",
        "opusfile": "opusfile_4"
      },
      "locked": {
        "lastModified": 1770378445,
        "narHash": "sha256-P9gb6u8b4+lS/2QMsDcRXCiiEHrxx0I61R8X+aWMn/0=",
        "owner": "gujial",
        "repo": "re3",
        "rev": "87419bf0998872cd0d77ee292bdddb1bce3c4cc7",
        "type": "github"
      },
      "original": {
        "owner": "gujial",
        "ref": "miami",
        "repo": "re3",
        "type": "github"
      }
    },
    "root": {
      "inputs": {
        "browser-previews": "browser-previews",
        "catppuccin": "catppuccin",
        "home-manager": "home-manager",
        "lanzaboote": "lanzaboote",
        "lazyvim-flake": "lazyvim-flake",
        "nixpkgs": "nixpkgs_2",
        "noctalia": "noctalia",
        "nur": "nur",
        "pfte-flake": "pfte-flake",
        "plasma-manager": "plasma-manager",
        "re3-flake": "re3-flake",
        "tinyMediaManager-flake": "tinyMediaManager-flake"
      }
    },
    "rust-overlay": {
      "inputs": {
        "nixpkgs": [
          "lanzaboote",
          "nixpkgs"
        ]
      },
      "locked": {
        "lastModified": 1773544328,
        "narHash": "sha256-Iv+qez54LAz+isij4APBk31VWA//Go81hwFOXr5iWTw=",
        "owner": "oxalica",
        "repo": "rust-overlay",
        "rev": "4f977d776793c8bfbfdd7eca7835847ccc48874e",
        "type": "github"
      },
      "original": {
        "owner": "oxalica",
        "repo": "rust-overlay",
        "type": "github"
      }
    },
    "systems": {
      "locked": {
        "lastModified": 1680978846,
        "narHash": "sha256-Gtqg8b/v49BFDpDetjclCYXm8mAnTrUzR0JnE2nv5aw=",
        "owner": "nix-systems",
        "repo": "x86_64-linux",
        "rev": "2ecfcac5e15790ba6ce360ceccddb15ad16d08a8",
        "type": "github"
      },
      "original": {
        "owner": "nix-systems",
        "repo": "x86_64-linux",
        "type": "github"
      }
    },
    "systems_2": {
      "locked": {
        "lastModified": 1681028828,
        "narHash": "sha256-Vy1rq5AaRuLzOxct8nz4T6wlgyUR7zLU309k9mBC768=",
        "owner": "nix-systems",
        "repo": "default",
        "rev": "da67096a3b9bf56a91d16901293e51ba5b49a27e",
        "type": "github"
      },
      "original": {
        "owner": "nix-systems",
        "repo": "default",
        "type": "github"
      }
    },
    "systems_3": {
      "locked": {
        "lastModified": 1689347949,
        "narHash": "sha256-12tWmuL2zgBgZkdoB6qXZsgJEH9LR3oUgpaQq2RbI80=",
        "owner": "nix-systems",
        "repo": "default-linux",
        "rev": "31732fcf5e8fea42e59c2488ad31a0e651500f68",
        "type": "github"
      },
      "original": {
        "owner": "nix-systems",
        "repo": "default-linux",
        "type": "github"
      }
    },
    "systems_4": {
      "locked": {
        "lastModified": 1681028828,
        "narHash": "sha256-Vy1rq5AaRuLzOxct8nz4T6wlgyUR7zLU309k9mBC768=",
        "owner": "nix-systems",
        "repo": "default",
        "rev": "da67096a3b9bf56a91d16901293e51ba5b49a27e",
        "type": "github"
      },
      "original": {
        "owner": "nix-systems",
        "repo": "default",
        "type": "github"
      }
    },
    "systems_5": {
      "locked": {
        "lastModified": 1681028828,
        "narHash": "sha256-Vy1rq5AaRuLzOxct8nz4T6wlgyUR7zLU309k9mBC768=",
        "owner": "nix-systems",
        "repo": "default",
        "rev": "da67096a3b9bf56a91d16901293e51ba5b49a27e",
        "type": "github"
      },
      "original": {
        "owner": "nix-systems",
        "repo": "default",
        "type": "github"
      }
    },
    "tinyMediaManager-flake": {
      "inputs": {
        "flake-utils": "flake-utils_3",
        "nixpkgs": [
          "nixpkgs"
        ]
      },
      "locked": {
        "lastModified": 1771556050,
        "narHash": "sha256-+E4gQJ8Aaeac3G1s6zepUayOrc7as+jBopzTtXDKuaY=",
        "owner": "gujial",
        "repo": "tinyMediaManager-flake",
        "rev": "5b1c39d64b3dcc6e9968888468a73a25c6c7bf73",
        "type": "github"
      },
      "original": {
        "owner": "gujial",
        "repo": "tinyMediaManager-flake",
        "type": "github"
      }
    },
    "treefmt-nix": {
      "inputs": {
        "nixpkgs": [
          "noctalia",
          "noctalia-qs",
          "nixpkgs"
        ]
      },
      "locked": {
        "lastModified": 1775125835,
        "narHash": "sha256-2qYcPgzFhnQWchHo0SlqLHrXpux5i6ay6UHA+v2iH4U=",
        "owner": "numtide",
        "repo": "treefmt-nix",
        "rev": "75925962939880974e3ab417879daffcba36c4a3",
        "type": "github"
      },
      "original": {
        "owner": "numtide",
        "repo": "treefmt-nix",
        "type": "github"
      }
    }
  },
  "root": "root",
  "version": 7
}
